
Microsoft Visual Studio Solution File, Format Version 12.00
# Visual Studio Version 17
VisualStudioVersion = 17.5.33502.453
MinimumVisualStudioVersion = 10.0.40219.1
Project("{FAE04EC0-301F-11D3-BF4B-00C04F79EFBC}") = "Mat_model", "Mat_model.csproj", "{CB21A9A4-EC81-4B1C-837A-9D7FD5DA9065}"
EndProject
Global
	GlobalSection(SolutionConfigurationPlatforms) = preSolution
		Debug|Any CPU = Debug|Any CPU
		Release|Any CPU = Release|Any CPU
	EndGlobalSection
	GlobalSection(ProjectConfigurationPlatforms) = postSolution
		{CB21A9A4-EC81-4B1C-837A-9D7FD5DA9065}.Debug|Any CPU.ActiveCfg = Debug|Any CPU
		{CB21A9A4-EC81-4B1C-837A-9D7FD5DA9065}.Debug|Any CPU.Build.0 = Debug|Any CPU
		{CB21A9A4-EC81-4B1C-837A-9D7FD5DA9065}.Release|Any CPU.ActiveCfg = Release|Any CPU
		{CB21A9A4-EC81-4B1C-837A-9D7FD5DA9065}.Release|Any CPU.Build.0 = Release|Any CPU
	EndGlobalSection
	GlobalSection(SolutionProperties) = preSolution
		HideSolutionNode = FALSE
	EndGlobalSection
	GlobalSection(ExtensibilityGlobals) = postSolution
		SolutionGuid = {80952679-BC5E-4683-92EE-81ACA9852D85}
	EndGlobalSection
EndGlobal
